# @generated by Move, please check-in and do not edit manually.

[move]
version = 3
manifest_digest = "072FA6805A3C3DBBAF4A36A7C2D3864572F74AE241FBDEFFA144D6C953FB8A85"
deps_digest = "F8BBB0CCB2491CA29A3DF03D6F92277A4F3574266507ACD77214D37ECA3F3082"
dependencies = [
  { id = "Sui", name = "Sui" },
]

[[move.package]]
id = "MoveStdlib"
source = { git = "https://github.com/MystenLabs/sui.git", rev = "framework/testnet", subdir = "crates/sui-framework/packages/move-stdlib" }

[[move.package]]
id = "Sui"
source = { git = "https://github.com/MystenLabs/sui.git", rev = "framework/testnet", subdir = "crates/sui-framework/packages/sui-framework" }

dependencies = [
  { id = "MoveStdlib", name = "MoveStdlib" },
]

[move.toolchain-version]
compiler-version = "1.58.1"
edition = "2024.beta"
flavor = "sui"

[env]

[env.testnet]
chain-id = "4c78adac"
original-published-id = "0x7f828b16dd9b25ed5b7406bfdc9be79de1fbb36f0968ae3e9628f659fb1f9305"
latest-published-id = "0x7f828b16dd9b25ed5b7406bfdc9be79de1fbb36f0968ae3e9628f659fb1f9305"
published-version = "1"
